
Microsoft Visual Studio Solution File, Format Version 12.00
# Visual Studio Version 17
VisualStudioVersion = 17.3.32819.101
MinimumVisualStudioVersion = 10.0.40219.1
Project("{FAE04EC0-301F-11D3-BF4B-00C04F79EFBC}") = "GutKaz19", "GutKaz19.csproj", "{4757DD9D-515B-47DD-A237-368DB32FD009}"
EndProject
Global
	GlobalSection(SolutionConfigurationPlatforms) = preSolution
		Debug|Any CPU = Debug|Any CPU
		Release|Any CPU = Release|Any CPU
	EndGlobalSection
	GlobalSection(ProjectConfigurationPlatforms) = postSolution
		{4757DD9D-515B-47DD-A237-368DB32FD009}.Debug|Any CPU.ActiveCfg = Debug|Any CPU
		{4757DD9D-515B-47DD-A237-368DB32FD009}.Debug|Any CPU.Build.0 = Debug|Any CPU
		{4757DD9D-515B-47DD-A237-368DB32FD009}.Release|Any CPU.ActiveCfg = Release|Any CPU
		{4757DD9D-515B-47DD-A237-368DB32FD009}.Release|Any CPU.Build.0 = Release|Any CPU
	EndGlobalSection
	GlobalSection(SolutionProperties) = preSolution
		HideSolutionNode = FALSE
	EndGlobalSection
	GlobalSection(ExtensibilityGlobals) = postSolution
		SolutionGuid = {B12A53F4-FABE-40F2-8E86-BE386D24F5FA}
	EndGlobalSection
EndGlobal
